
Microsoft Visual Studio Solution File, Format Version 12.00
# Visual Studio 15
Project("{FAE04EC0-301F-11D3-BF4B-00C04F79EFBC}") = "Assembly-CSharp", "Assembly-CSharp.csproj", "{E6D3FC7B-26E5-5745-D034-698100779483}"
EndProject
Project("{FAE04EC0-301F-11D3-BF4B-00C04F79EFBC}") = "Assembly-CSharp-Editor", "Assembly-CSharp-Editor.csproj", "{1A320099-3505-9A8C-0C5F-BB25F134388B}"
EndProject
Global
	GlobalSection(SolutionConfigurationPlatforms) = preSolution
		Debug|Any CPU = Debug|Any CPU
		Release|Any CPU = Release|Any CPU
	EndGlobalSection
	GlobalSection(ProjectConfigurationPlatforms) = postSolution
		{E6D3FC7B-26E5-5745-D034-698100779483}.Debug|Any CPU.ActiveCfg = Debug|Any CPU
		{E6D3FC7B-26E5-5745-D034-698100779483}.Debug|Any CPU.Build.0 = Debug|Any CPU
		{E6D3FC7B-26E5-5745-D034-698100779483}.Release|Any CPU.ActiveCfg = Release|Any CPU
		{E6D3FC7B-26E5-5745-D034-698100779483}.Release|Any CPU.Build.0 = Release|Any CPU
		{1A320099-3505-9A8C-0C5F-BB25F134388B}.Debug|Any CPU.ActiveCfg = Debug|Any CPU
		{1A320099-3505-9A8C-0C5F-BB25F134388B}.Debug|Any CPU.Build.0 = Debug|Any CPU
		{1A320099-3505-9A8C-0C5F-BB25F134388B}.Release|Any CPU.ActiveCfg = Release|Any CPU
		{1A320099-3505-9A8C-0C5F-BB25F134388B}.Release|Any CPU.Build.0 = Release|Any CPU
	EndGlobalSection
	GlobalSection(SolutionProperties) = preSolution
		HideSolutionNode = FALSE
	EndGlobalSection
EndGlobal
